
Microsoft Visual Studio Solution File, Format Version 12.00
# Visual Studio Version 17
VisualStudioVersion = 17.14.36616.10
MinimumVisualStudioVersion = 10.0.40219.1
Project("{FAE04EC0-301F-11D3-BF4B-00C04F79EFBC}") = "GestionPersonnelsMediatheque", "GestionPersonnelsMediatheque\GestionPersonnelsMediatheque.csproj", "{38772F60-56E9-41A9-B4F0-C2407CF3F70A}"
EndProject
Project("{54435603-DBB4-11D2-8724-00A0C9A8B90C}") = "mediathequePersonnel", "mediathequePersonnel\mediathequePersonnel.vdproj", "{1400FFE0-DD80-3517-B707-40DE1F852511}"
EndProject
Global
	GlobalSection(SolutionConfigurationPlatforms) = preSolution
		Debug|Any CPU = Debug|Any CPU
		Release|Any CPU = Release|Any CPU
	EndGlobalSection
	GlobalSection(ProjectConfigurationPlatforms) = postSolution
		{38772F60-56E9-41A9-B4F0-C2407CF3F70A}.Debug|Any CPU.ActiveCfg = Debug|Any CPU
		{38772F60-56E9-41A9-B4F0-C2407CF3F70A}.Debug|Any CPU.Build.0 = Debug|Any CPU
		{38772F60-56E9-41A9-B4F0-C2407CF3F70A}.Release|Any CPU.ActiveCfg = Release|Any CPU
		{38772F60-56E9-41A9-B4F0-C2407CF3F70A}.Release|Any CPU.Build.0 = Release|Any CPU
		{1400FFE0-DD80-3517-B707-40DE1F852511}.Debug|Any CPU.ActiveCfg = Debug
		{1400FFE0-DD80-3517-B707-40DE1F852511}.Debug|Any CPU.Build.0 = Debug
		{1400FFE0-DD80-3517-B707-40DE1F852511}.Release|Any CPU.ActiveCfg = Release
		{1400FFE0-DD80-3517-B707-40DE1F852511}.Release|Any CPU.Build.0 = Release
	EndGlobalSection
	GlobalSection(SolutionProperties) = preSolution
		HideSolutionNode = FALSE
	EndGlobalSection
	GlobalSection(ExtensibilityGlobals) = postSolution
		SolutionGuid = {E79A50D2-C5FA-4983-80BC-C43C17844C52}
	EndGlobalSection
EndGlobal
